// !$*UTF8*$!
{
	archiveVersion = 1;
	classes = {
	};
	objectVersion = 56;
	objects = {

/* Begin PBXBuildFile section */
		DD546A0E2A90C72A000EFEBC /* AppDelegate.swift in Sources */ = {isa = PBXBuildFile; fileRef = DD546A0D2A90C72A000EFEBC /* AppDelegate.swift */; };
		DD546A122A90C72A000EFEBC /* MainViewController.swift in Sources */ = {isa = PBXBuildFile; fileRef = DD546A112A90C72A000EFEBC /* MainViewController.swift */; };
		DD546A172A90C72B000EFEBC /* Assets.xcassets in Resources */ = {isa = PBXBuildFile; fileRef = DD546A162A90C72B000EFEBC /* Assets.xcassets */; };
		DD546A1A2A90C72B000EFEBC /* LaunchScreen.storyboard in Resources */ = {isa = PBXBuildFile; fileRef = DD546A182A90C72B000EFEBC /* LaunchScreen.storyboard */; };
		DD546A282A90CFB0000EFEBC /* NetworkService.swift in Sources */ = {isa = PBXBuildFile; fileRef = DD546A272A90CFB0000EFEBC /* NetworkService.swift */; };
		DD546A2A2A90CFBD000EFEBC /* NetworkRequest.swift in Sources */ = {isa = PBXBuildFile; fileRef = DD546A292A90CFBD000EFEBC /* NetworkRequest.swift */; };
		DD546A2C2A90CFC4000EFEBC /* NetworkEndpoint.swift in Sources */ = {isa = PBXBuildFile; fileRef = DD546A2B2A90CFC4000EFEBC /* NetworkEndpoint.swift */; };
		DD546A2F2A90D154000EFEBC /* Character.swift in Sources */ = {isa = PBXBuildFile; fileRef = DD546A2E2A90D154000EFEBC /* Character.swift */; };
		DD546A312A90D2BC000EFEBC /* CharacterOrigin.swift in Sources */ = {isa = PBXBuildFile; fileRef = DD546A302A90D2BC000EFEBC /* CharacterOrigin.swift */; };
		DD546A332A90D301000EFEBC /* CharacterLocation.swift in Sources */ = {isa = PBXBuildFile; fileRef = DD546A322A90D301000EFEBC /* CharacterLocation.swift */; };
		DD546A352A90D471000EFEBC /* CharacterStatus.swift in Sources */ = {isa = PBXBuildFile; fileRef = DD546A342A90D471000EFEBC /* CharacterStatus.swift */; };
		DD546A372A90D4CD000EFEBC /* CharacterGender.swift in Sources */ = {isa = PBXBuildFile; fileRef = DD546A362A90D4CD000EFEBC /* CharacterGender.swift */; };
		DD546A392A90D601000EFEBC /* MainView.swift in Sources */ = {isa = PBXBuildFile; fileRef = DD546A382A90D601000EFEBC /* MainView.swift */; };
		DD546A3B2A90D644000EFEBC /* Colors.swift in Sources */ = {isa = PBXBuildFile; fileRef = DD546A3A2A90D644000EFEBC /* Colors.swift */; };
		DD546A3D2A90DF67000EFEBC /* NetworkError.swift in Sources */ = {isa = PBXBuildFile; fileRef = DD546A3C2A90DF67000EFEBC /* NetworkError.swift */; };
		DD546A402A90E210000EFEBC /* AllCharactersResponse.swift in Sources */ = {isa = PBXBuildFile; fileRef = DD546A3F2A90E210000EFEBC /* AllCharactersResponse.swift */; };
		DD546A432A90E6A0000EFEBC /* MainPresenter.swift in Sources */ = {isa = PBXBuildFile; fileRef = DD546A422A90E6A0000EFEBC /* MainPresenter.swift */; };
		DD546A452A9100B4000EFEBC /* MainCollectionViewAdapter.swift in Sources */ = {isa = PBXBuildFile; fileRef = DD546A442A9100B4000EFEBC /* MainCollectionViewAdapter.swift */; };
		DD546A4A2A910137000EFEBC /* CharacterCollectionViewCell.swift in Sources */ = {isa = PBXBuildFile; fileRef = DD546A492A910137000EFEBC /* CharacterCollectionViewCell.swift */; };
		DD546A4E2A910173000EFEBC /* BaseCollectionViewCell.swift in Sources */ = {isa = PBXBuildFile; fileRef = DD546A4D2A910173000EFEBC /* BaseCollectionViewCell.swift */; };
		DD546A502A9101D5000EFEBC /* BaseView.swift in Sources */ = {isa = PBXBuildFile; fileRef = DD546A4F2A9101D5000EFEBC /* BaseView.swift */; };
		DD546A522A9102FD000EFEBC /* MainModuleConfigurator.swift in Sources */ = {isa = PBXBuildFile; fileRef = DD546A512A9102FD000EFEBC /* MainModuleConfigurator.swift */; };
		DD546A552A912589000EFEBC /* DetailCharacterViewController.swift in Sources */ = {isa = PBXBuildFile; fileRef = DD546A542A912589000EFEBC /* DetailCharacterViewController.swift */; };
		DD546A572A9126F5000EFEBC /* MainRouter.swift in Sources */ = {isa = PBXBuildFile; fileRef = DD546A562A9126F5000EFEBC /* MainRouter.swift */; };
		DD546A592A9128E8000EFEBC /* DetailCharacterPresenter.swift in Sources */ = {isa = PBXBuildFile; fileRef = DD546A582A9128E8000EFEBC /* DetailCharacterPresenter.swift */; };
		DD546A5B2A912905000EFEBC /* DetailCharacterView.swift in Sources */ = {isa = PBXBuildFile; fileRef = DD546A5A2A912905000EFEBC /* DetailCharacterView.swift */; };
		DD546A5D2A912A95000EFEBC /* DetailCharacterModuleConfigurator.swift in Sources */ = {isa = PBXBuildFile; fileRef = DD546A5C2A912A95000EFEBC /* DetailCharacterModuleConfigurator.swift */; };
		DD546A602A914038000EFEBC /* CharacterInfoView.swift in Sources */ = {isa = PBXBuildFile; fileRef = DD546A5F2A914038000EFEBC /* CharacterInfoView.swift */; };
		DD546A622A92110F000EFEBC /* CharacterInfoTraitView.swift in Sources */ = {isa = PBXBuildFile; fileRef = DD546A612A92110F000EFEBC /* CharacterInfoTraitView.swift */; };
		DD546A642A922A91000EFEBC /* CharacterOriginView.swift in Sources */ = {isa = PBXBuildFile; fileRef = DD546A632A922A91000EFEBC /* CharacterOriginView.swift */; };
/* End PBXBuildFile section */

/* Begin PBXFileReference section */
		DD546A0A2A90C72A000EFEBC /* RickAndMorty.app */ = {isa = PBXFileReference; explicitFileType = wrapper.application; includeInIndex = 0; path = RickAndMorty.app; sourceTree = BUILT_PRODUCTS_DIR; };
		DD546A0D2A90C72A000EFEBC /* AppDelegate.swift */ = {isa = PBXFileReference; lastKnownFileType = sourcecode.swift; path = AppDelegate.swift; sourceTree = "<group>"; };
		DD546A112A90C72A000EFEBC /* MainViewController.swift */ = {isa = PBXFileReference; lastKnownFileType = sourcecode.swift; path = MainViewController.swift; sourceTree = "<group>"; };
		DD546A162A90C72B000EFEBC /* Assets.xcassets */ = {isa = PBXFileReference; lastKnownFileType = folder.assetcatalog; path = Assets.xcassets; sourceTree = "<group>"; };
		DD546A192A90C72B000EFEBC /* Base */ = {isa = PBXFileReference; lastKnownFileType = file.storyboard; name = Base; path = Base.lproj/LaunchScreen.storyboard; sourceTree = "<group>"; };
		DD546A1B2A90C72B000EFEBC /* Info.plist */ = {isa = PBXFileReference; lastKnownFileType = text.plist.xml; path = Info.plist; sourceTree = "<group>"; };
		DD546A272A90CFB0000EFEBC /* NetworkService.swift */ = {isa = PBXFileReference; lastKnownFileType = sourcecode.swift; path = NetworkService.swift; sourceTree = "<group>"; };
		DD546A292A90CFBD000EFEBC /* NetworkRequest.swift */ = {isa = PBXFileReference; lastKnownFileType = sourcecode.swift; path = NetworkRequest.swift; sourceTree = "<group>"; };
		DD546A2B2A90CFC4000EFEBC /* NetworkEndpoint.swift */ = {isa = PBXFileReference; lastKnownFileType = sourcecode.swift; path = NetworkEndpoint.swift; sourceTree = "<group>"; };
		DD546A2E2A90D154000EFEBC /* Character.swift */ = {isa = PBXFileReference; lastKnownFileType = sourcecode.swift; path = Character.swift; sourceTree = "<group>"; };
		DD546A302A90D2BC000EFEBC /* CharacterOrigin.swift */ = {isa = PBXFileReference; lastKnownFileType = sourcecode.swift; path = CharacterOrigin.swift; sourceTree = "<group>"; };
		DD546A322A90D301000EFEBC /* CharacterLocation.swift */ = {isa = PBXFileReference; lastKnownFileType = sourcecode.swift; path = CharacterLocation.swift; sourceTree = "<group>"; };
		DD546A342A90D471000EFEBC /* CharacterStatus.swift */ = {isa = PBXFileReference; lastKnownFileType = sourcecode.swift; path = CharacterStatus.swift; sourceTree = "<group>"; };
		DD546A362A90D4CD000EFEBC /* CharacterGender.swift */ = {isa = PBXFileReference; lastKnownFileType = sourcecode.swift; path = CharacterGender.swift; sourceTree = "<group>"; };
		DD546A382A90D601000EFEBC /* MainView.swift */ = {isa = PBXFileReference; lastKnownFileType = sourcecode.swift; path = MainView.swift; sourceTree = "<group>"; };
		DD546A3A2A90D644000EFEBC /* Colors.swift */ = {isa = PBXFileReference; lastKnownFileType = sourcecode.swift; path = Colors.swift; sourceTree = "<group>"; };
		DD546A3C2A90DF67000EFEBC /* NetworkError.swift */ = {isa = PBXFileReference; lastKnownFileType = sourcecode.swift; path = NetworkError.swift; sourceTree = "<group>"; };
		DD546A3F2A90E210000EFEBC /* AllCharactersResponse.swift */ = {isa = PBXFileReference; lastKnownFileType = sourcecode.swift; path = AllCharactersResponse.swift; sourceTree = "<group>"; };
		DD546A422A90E6A0000EFEBC /* MainPresenter.swift */ = {isa = PBXFileReference; lastKnownFileType = sourcecode.swift; path = MainPresenter.swift; sourceTree = "<group>"; };
		DD546A442A9100B4000EFEBC /* MainCollectionViewAdapter.swift */ = {isa = PBXFileReference; lastKnownFileType = sourcecode.swift; path = MainCollectionViewAdapter.swift; sourceTree = "<group>"; };
		DD546A492A910137000EFEBC /* CharacterCollectionViewCell.swift */ = {isa = PBXFileReference; lastKnownFileType = sourcecode.swift; path = CharacterCollectionViewCell.swift; sourceTree = "<group>"; };
		DD546A4D2A910173000EFEBC /* BaseCollectionViewCell.swift */ = {isa = PBXFileReference; lastKnownFileType = sourcecode.swift; path = BaseCollectionViewCell.swift; sourceTree = "<group>"; };
		DD546A4F2A9101D5000EFEBC /* BaseView.swift */ = {isa = PBXFileReference; lastKnownFileType = sourcecode.swift; path = BaseView.swift; sourceTree = "<group>"; };
		DD546A512A9102FD000EFEBC /* MainModuleConfigurator.swift */ = {isa = PBXFileReference; lastKnownFileType = sourcecode.swift; path = MainModuleConfigurator.swift; sourceTree = "<group>"; };
		DD546A542A912589000EFEBC /* DetailCharacterViewController.swift */ = {isa = PBXFileReference; lastKnownFileType = sourcecode.swift; path = DetailCharacterViewController.swift; sourceTree = "<group>"; };
		DD546A562A9126F5000EFEBC /* MainRouter.swift */ = {isa = PBXFileReference; lastKnownFileType = sourcecode.swift; path = MainRouter.swift; sourceTree = "<group>"; };
		DD546A582A9128E8000EFEBC /* DetailCharacterPresenter.swift */ = {isa = PBXFileReference; lastKnownFileType = sourcecode.swift; path = DetailCharacterPresenter.swift; sourceTree = "<group>"; };
		DD546A5A2A912905000EFEBC /* DetailCharacterView.swift */ = {isa = PBXFileReference; lastKnownFileType = sourcecode.swift; path = DetailCharacterView.swift; sourceTree = "<group>"; };
		DD546A5C2A912A95000EFEBC /* DetailCharacterModuleConfigurator.swift */ = {isa = PBXFileReference; lastKnownFileType = sourcecode.swift; path = DetailCharacterModuleConfigurator.swift; sourceTree = "<group>"; };
		DD546A5F2A914038000EFEBC /* CharacterInfoView.swift */ = {isa = PBXFileReference; lastKnownFileType = sourcecode.swift; path = CharacterInfoView.swift; sourceTree = "<group>"; };
		DD546A612A92110F000EFEBC /* CharacterInfoTraitView.swift */ = {isa = PBXFileReference; lastKnownFileType = sourcecode.swift; path = CharacterInfoTraitView.swift; sourceTree = "<group>"; };
		DD546A632A922A91000EFEBC /* CharacterOriginView.swift */ = {isa = PBXFileReference; lastKnownFileType = sourcecode.swift; path = CharacterOriginView.swift; sourceTree = "<group>"; };
/* End PBXFileReference section */

/* Begin PBXFrameworksBuildPhase section */
		DD546A072A90C72A000EFEBC /* Frameworks */ = {
			isa = PBXFrameworksBuildPhase;
			buildActionMask = 2147483647;
			files = (
			);
			runOnlyForDeploymentPostprocessing = 0;
		};
/* End PBXFrameworksBuildPhase section */

/* Begin PBXGroup section */
		DD546A012A90C72A000EFEBC = {
			isa = PBXGroup;
			children = (
				DD546A0C2A90C72A000EFEBC /* RickAndMorty */,
				DD546A0B2A90C72A000EFEBC /* Products */,
			);
			sourceTree = "<group>";
		};
		DD546A0B2A90C72A000EFEBC /* Products */ = {
			isa = PBXGroup;
			children = (
				DD546A0A2A90C72A000EFEBC /* RickAndMorty.app */,
			);
			name = Products;
			sourceTree = "<group>";
		};
		DD546A0C2A90C72A000EFEBC /* RickAndMorty */ = {
			isa = PBXGroup;
			children = (
				DD546A222A90CC5F000EFEBC /* Sources */,
				DD546A212A90CC58000EFEBC /* Resources */,
			);
			path = RickAndMorty;
			sourceTree = "<group>";
		};
		DD546A212A90CC58000EFEBC /* Resources */ = {
			isa = PBXGroup;
			children = (
				DD546A3A2A90D644000EFEBC /* Colors.swift */,
				DD546A162A90C72B000EFEBC /* Assets.xcassets */,
				DD546A182A90C72B000EFEBC /* LaunchScreen.storyboard */,
				DD546A1B2A90C72B000EFEBC /* Info.plist */,
			);
			path = Resources;
			sourceTree = "<group>";
		};
		DD546A222A90CC5F000EFEBC /* Sources */ = {
			isa = PBXGroup;
			children = (
				DD546A242A90CC79000EFEBC /* Application */,
				DD546A4B2A91015C000EFEBC /* Common */,
				DD546A262A90CF78000EFEBC /* NetworkLayer */,
				DD546A2D2A90D14A000EFEBC /* ModelLayer */,
				DD546A232A90CC70000EFEBC /* Scenes */,
			);
			path = Sources;
			sourceTree = "<group>";
		};
		DD546A232A90CC70000EFEBC /* Scenes */ = {
			isa = PBXGroup;
			children = (
				DD546A252A90CCA7000EFEBC /* Main */,
				DD546A532A91234F000EFEBC /* DetailCharacter */,
			);
			path = Scenes;
			sourceTree = "<group>";
		};
		DD546A242A90CC79000EFEBC /* Application */ = {
			isa = PBXGroup;
			children = (
				DD546A0D2A90C72A000EFEBC /* AppDelegate.swift */,
			);
			path = Application;
			sourceTree = "<group>";
		};
		DD546A252A90CCA7000EFEBC /* Main */ = {
			isa = PBXGroup;
			children = (
				DD546A482A91012C000EFEBC /* Cell */,
				DD546A512A9102FD000EFEBC /* MainModuleConfigurator.swift */,
				DD546A422A90E6A0000EFEBC /* MainPresenter.swift */,
				DD546A112A90C72A000EFEBC /* MainViewController.swift */,
				DD546A382A90D601000EFEBC /* MainView.swift */,
				DD546A442A9100B4000EFEBC /* MainCollectionViewAdapter.swift */,
				DD546A562A9126F5000EFEBC /* MainRouter.swift */,
			);
			path = Main;
			sourceTree = "<group>";
		};
		DD546A262A90CF78000EFEBC /* NetworkLayer */ = {
			isa = PBXGroup;
			children = (
				DD546A272A90CFB0000EFEBC /* NetworkService.swift */,
				DD546A292A90CFBD000EFEBC /* NetworkRequest.swift */,
				DD546A2B2A90CFC4000EFEBC /* NetworkEndpoint.swift */,
				DD546A3C2A90DF67000EFEBC /* NetworkError.swift */,
			);
			path = NetworkLayer;
			sourceTree = "<group>";
		};
		DD546A2D2A90D14A000EFEBC /* ModelLayer */ = {
			isa = PBXGroup;
			children = (
				DD546A412A90E307000EFEBC /* Response */,
				DD546A3E2A90E1D9000EFEBC /* Character */,
			);
			path = ModelLayer;
			sourceTree = "<group>";
		};
		DD546A3E2A90E1D9000EFEBC /* Character */ = {
			isa = PBXGroup;
			children = (
				DD546A2E2A90D154000EFEBC /* Character.swift */,
				DD546A302A90D2BC000EFEBC /* CharacterOrigin.swift */,
				DD546A322A90D301000EFEBC /* CharacterLocation.swift */,
				DD546A342A90D471000EFEBC /* CharacterStatus.swift */,
				DD546A362A90D4CD000EFEBC /* CharacterGender.swift */,
			);
			path = Character;
			sourceTree = "<group>";
		};
		DD546A412A90E307000EFEBC /* Response */ = {
			isa = PBXGroup;
			children = (
				DD546A3F2A90E210000EFEBC /* AllCharactersResponse.swift */,
			);
			path = Response;
			sourceTree = "<group>";
		};
		DD546A482A91012C000EFEBC /* Cell */ = {
			isa = PBXGroup;
			children = (
				DD546A492A910137000EFEBC /* CharacterCollectionViewCell.swift */,
			);
			path = Cell;
			sourceTree = "<group>";
		};
		DD546A4B2A91015C000EFEBC /* Common */ = {
			isa = PBXGroup;
			children = (
				DD546A4C2A910164000EFEBC /* BaseView */,
			);
			path = Common;
			sourceTree = "<group>";
		};
		DD546A4C2A910164000EFEBC /* BaseView */ = {
			isa = PBXGroup;
			children = (
				DD546A4D2A910173000EFEBC /* BaseCollectionViewCell.swift */,
				DD546A4F2A9101D5000EFEBC /* BaseView.swift */,
			);
			path = BaseView;
			sourceTree = "<group>";
		};
		DD546A532A91234F000EFEBC /* DetailCharacter */ = {
			isa = PBXGroup;
			children = (
				DD546A5E2A913EBC000EFEBC /* SupportViews */,
				DD546A5C2A912A95000EFEBC /* DetailCharacterModuleConfigurator.swift */,
				DD546A582A9128E8000EFEBC /* DetailCharacterPresenter.swift */,
				DD546A542A912589000EFEBC /* DetailCharacterViewController.swift */,
				DD546A5A2A912905000EFEBC /* DetailCharacterView.swift */,
			);
			path = DetailCharacter;
			sourceTree = "<group>";
		};
		DD546A5E2A913EBC000EFEBC /* SupportViews */ = {
			isa = PBXGroup;
			children = (
				DD546A5F2A914038000EFEBC /* CharacterInfoView.swift */,
				DD546A612A92110F000EFEBC /* CharacterInfoTraitView.swift */,
				DD546A632A922A91000EFEBC /* CharacterOriginView.swift */,
			);
			path = SupportViews;
			sourceTree = "<group>";
		};
/* End PBXGroup section */

/* Begin PBXNativeTarget section */
		DD546A092A90C72A000EFEBC /* RickAndMorty */ = {
			isa = PBXNativeTarget;
			buildConfigurationList = DD546A1E2A90C72B000EFEBC /* Build configuration list for PBXNativeTarget "RickAndMorty" */;
			buildPhases = (
				DD546A062A90C72A000EFEBC /* Sources */,
				DD546A072A90C72A000EFEBC /* Frameworks */,
				DD546A082A90C72A000EFEBC /* Resources */,
			);
			buildRules = (
			);
			dependencies = (
			);
			name = RickAndMorty;
			productName = RickAndMorty;
			productReference = DD546A0A2A90C72A000EFEBC /* RickAndMorty.app */;
			productType = "com.apple.product-type.application";
		};
/* End PBXNativeTarget section */

/* Begin PBXProject section */
		DD546A022A90C72A000EFEBC /* Project object */ = {
			isa = PBXProject;
			attributes = {
				BuildIndependentTargetsInParallel = 1;
				LastSwiftUpdateCheck = 1420;
				LastUpgradeCheck = 1420;
				TargetAttributes = {
					DD546A092A90C72A000EFEBC = {
						CreatedOnToolsVersion = 14.2;
					};
				};
			};
			buildConfigurationList = DD546A052A90C72A000EFEBC /* Build configuration list for PBXProject "RickAndMorty" */;
			compatibilityVersion = "Xcode 14.0";
			developmentRegion = en;
			hasScannedForEncodings = 0;
			knownRegions = (
				en,
				Base,
			);
			mainGroup = DD546A012A90C72A000EFEBC;
			productRefGroup = DD546A0B2A90C72A000EFEBC /* Products */;
			projectDirPath = "";
			projectRoot = "";
			targets = (
				DD546A092A90C72A000EFEBC /* RickAndMorty */,
			);
		};
/* End PBXProject section */

/* Begin PBXResourcesBuildPhase section */
		DD546A082A90C72A000EFEBC /* Resources */ = {
			isa = PBXResourcesBuildPhase;
			buildActionMask = 2147483647;
			files = (
				DD546A1A2A90C72B000EFEBC /* LaunchScreen.storyboard in Resources */,
				DD546A172A90C72B000EFEBC /* Assets.xcassets in Resources */,
			);
			runOnlyForDeploymentPostprocessing = 0;
		};
/* End PBXResourcesBuildPhase section */

/* Begin PBXSourcesBuildPhase section */
		DD546A062A90C72A000EFEBC /* Sources */ = {
			isa = PBXSourcesBuildPhase;
			buildActionMask = 2147483647;
			files = (
				DD546A332A90D301000EFEBC /* CharacterLocation.swift in Sources */,
				DD546A592A9128E8000EFEBC /* DetailCharacterPresenter.swift in Sources */,
				DD546A3B2A90D644000EFEBC /* Colors.swift in Sources */,
				DD546A122A90C72A000EFEBC /* MainViewController.swift in Sources */,
				DD546A312A90D2BC000EFEBC /* CharacterOrigin.swift in Sources */,
				DD546A282A90CFB0000EFEBC /* NetworkService.swift in Sources */,
				DD546A552A912589000EFEBC /* DetailCharacterViewController.swift in Sources */,
				DD546A522A9102FD000EFEBC /* MainModuleConfigurator.swift in Sources */,
				DD546A2A2A90CFBD000EFEBC /* NetworkRequest.swift in Sources */,
				DD546A4A2A910137000EFEBC /* CharacterCollectionViewCell.swift in Sources */,
				DD546A572A9126F5000EFEBC /* MainRouter.swift in Sources */,
				DD546A2F2A90D154000EFEBC /* Character.swift in Sources */,
				DD546A5D2A912A95000EFEBC /* DetailCharacterModuleConfigurator.swift in Sources */,
				DD546A452A9100B4000EFEBC /* MainCollectionViewAdapter.swift in Sources */,
				DD546A602A914038000EFEBC /* CharacterInfoView.swift in Sources */,
				DD546A352A90D471000EFEBC /* CharacterStatus.swift in Sources */,
				DD546A402A90E210000EFEBC /* AllCharactersResponse.swift in Sources */,
				DD546A4E2A910173000EFEBC /* BaseCollectionViewCell.swift in Sources */,
				DD546A392A90D601000EFEBC /* MainView.swift in Sources */,
				DD546A432A90E6A0000EFEBC /* MainPresenter.swift in Sources */,
				DD546A642A922A91000EFEBC /* CharacterOriginView.swift in Sources */,
				DD546A0E2A90C72A000EFEBC /* AppDelegate.swift in Sources */,
				DD546A3D2A90DF67000EFEBC /* NetworkError.swift in Sources */,
				DD546A502A9101D5000EFEBC /* BaseView.swift in Sources */,
				DD546A372A90D4CD000EFEBC /* CharacterGender.swift in Sources */,
				DD546A2C2A90CFC4000EFEBC /* NetworkEndpoint.swift in Sources */,
				DD546A5B2A912905000EFEBC /* DetailCharacterView.swift in Sources */,
				DD546A622A92110F000EFEBC /* CharacterInfoTraitView.swift in Sources */,
			);
			runOnlyForDeploymentPostprocessing = 0;
		};
/* End PBXSourcesBuildPhase section */

/* Begin PBXVariantGroup section */
		DD546A182A90C72B000EFEBC /* LaunchScreen.storyboard */ = {
			isa = PBXVariantGroup;
			children = (
				DD546A192A90C72B000EFEBC /* Base */,
			);
			name = LaunchScreen.storyboard;
			sourceTree = "<group>";
		};
/* End PBXVariantGroup section */

/* Begin XCBuildConfiguration section */
		DD546A1C2A90C72B000EFEBC /* Debug */ = {
			isa = XCBuildConfiguration;
			buildSettings = {
				ALWAYS_SEARCH_USER_PATHS = NO;
				CLANG_ANALYZER_NONNULL = YES;
				CLANG_ANALYZER_NUMBER_OBJECT_CONVERSION = YES_AGGRESSIVE;
				CLANG_CXX_LANGUAGE_STANDARD = "gnu++20";
				CLANG_ENABLE_MODULES = YES;
				CLANG_ENABLE_OBJC_ARC = YES;
				CLANG_ENABLE_OBJC_WEAK = YES;
				CLANG_WARN_BLOCK_CAPTURE_AUTORELEASING = YES;
				CLANG_WARN_BOOL_CONVERSION = YES;
				CLANG_WARN_COMMA = YES;
				CLANG_WARN_CONSTANT_CONVERSION = YES;
				CLANG_WARN_DEPRECATED_OBJC_IMPLEMENTATIONS = YES;
				CLANG_WARN_DIRECT_OBJC_ISA_USAGE = YES_ERROR;
				CLANG_WARN_DOCUMENTATION_COMMENTS = YES;
				CLANG_WARN_EMPTY_BODY = YES;
				CLANG_WARN_ENUM_CONVERSION = YES;
				CLANG_WARN_INFINITE_RECURSION = YES;
				CLANG_WARN_INT_CONVERSION = YES;
				CLANG_WARN_NON_LITERAL_NULL_CONVERSION = YES;
				CLANG_WARN_OBJC_IMPLICIT_RETAIN_SELF = YES;
				CLANG_WARN_OBJC_LITERAL_CONVERSION = YES;
				CLANG_WARN_OBJC_ROOT_CLASS = YES_ERROR;
				CLANG_WARN_QUOTED_INCLUDE_IN_FRAMEWORK_HEADER = YES;
				CLANG_WARN_RANGE_LOOP_ANALYSIS = YES;
				CLANG_WARN_STRICT_PROTOTYPES = YES;
				CLANG_WARN_SUSPICIOUS_MOVE = YES;
				CLANG_WARN_UNGUARDED_AVAILABILITY = YES_AGGRESSIVE;
				CLANG_WARN_UNREACHABLE_CODE = YES;
				CLANG_WARN__DUPLICATE_METHOD_MATCH = YES;
				COPY_PHASE_STRIP = NO;
				DEBUG_INFORMATION_FORMAT = dwarf;
				ENABLE_STRICT_OBJC_MSGSEND = YES;
				ENABLE_TESTABILITY = YES;
				GCC_C_LANGUAGE_STANDARD = gnu11;
				GCC_DYNAMIC_NO_PIC = NO;
				GCC_NO_COMMON_BLOCKS = YES;
				GCC_OPTIMIZATION_LEVEL = 0;
				GCC_PREPROCESSOR_DEFINITIONS = (
					"DEBUG=1",
					"$(inherited)",
				);
				GCC_WARN_64_TO_32_BIT_CONVERSION = YES;
				GCC_WARN_ABOUT_RETURN_TYPE = YES_ERROR;
				GCC_WARN_UNDECLARED_SELECTOR = YES;
				GCC_WARN_UNINITIALIZED_AUTOS = YES_AGGRESSIVE;
				GCC_WARN_UNUSED_FUNCTION = YES;
				GCC_WARN_UNUSED_VARIABLE = YES;
				IPHONEOS_DEPLOYMENT_TARGET = 16.2;
				MTL_ENABLE_DEBUG_INFO = INCLUDE_SOURCE;
				MTL_FAST_MATH = YES;
				ONLY_ACTIVE_ARCH = YES;
				SDKROOT = iphoneos;
				SWIFT_ACTIVE_COMPILATION_CONDITIONS = DEBUG;
				SWIFT_OPTIMIZATION_LEVEL = "-Onone";
			};
			name = Debug;
		};
		DD546A1D2A90C72B000EFEBC /* Release */ = {
			isa = XCBuildConfiguration;
			buildSettings = {
				ALWAYS_SEARCH_USER_PATHS = NO;
				CLANG_ANALYZER_NONNULL = YES;
				CLANG_ANALYZER_NUMBER_OBJECT_CONVERSION = YES_AGGRESSIVE;
				CLANG_CXX_LANGUAGE_STANDARD = "gnu++20";
				CLANG_ENABLE_MODULES = YES;
				CLANG_ENABLE_OBJC_ARC = YES;
				CLANG_ENABLE_OBJC_WEAK = YES;
				CLANG_WARN_BLOCK_CAPTURE_AUTORELEASING = YES;
				CLANG_WARN_BOOL_CONVERSION = YES;
				CLANG_WARN_COMMA = YES;
				CLANG_WARN_CONSTANT_CONVERSION = YES;
				CLANG_WARN_DEPRECATED_OBJC_IMPLEMENTATIONS = YES;
				CLANG_WARN_DIRECT_OBJC_ISA_USAGE = YES_ERROR;
				CLANG_WARN_DOCUMENTATION_COMMENTS = YES;
				CLANG_WARN_EMPTY_BODY = YES;
				CLANG_WARN_ENUM_CONVERSION = YES;
				CLANG_WARN_INFINITE_RECURSION = YES;
				CLANG_WARN_INT_CONVERSION = YES;
				CLANG_WARN_NON_LITERAL_NULL_CONVERSION = YES;
				CLANG_WARN_OBJC_IMPLICIT_RETAIN_SELF = YES;
				CLANG_WARN_OBJC_LITERAL_CONVERSION = YES;
				CLANG_WARN_OBJC_ROOT_CLASS = YES_ERROR;
				CLANG_WARN_QUOTED_INCLUDE_IN_FRAMEWORK_HEADER = YES;
				CLANG_WARN_RANGE_LOOP_ANALYSIS = YES;
				CLANG_WARN_STRICT_PROTOTYPES = YES;
				CLANG_WARN_SUSPICIOUS_MOVE = YES;
				CLANG_WARN_UNGUARDED_AVAILABILITY = YES_AGGRESSIVE;
				CLANG_WARN_UNREACHABLE_CODE = YES;
				CLANG_WARN__DUPLICATE_METHOD_MATCH = YES;
				COPY_PHASE_STRIP = NO;
				DEBUG_INFORMATION_FORMAT = "dwarf-with-dsym";
				ENABLE_NS_ASSERTIONS = NO;
				ENABLE_STRICT_OBJC_MSGSEND = YES;
				GCC_C_LANGUAGE_STANDARD = gnu11;
				GCC_NO_COMMON_BLOCKS = YES;
				GCC_WARN_64_TO_32_BIT_CONVERSION = YES;
				GCC_WARN_ABOUT_RETURN_TYPE = YES_ERROR;
				GCC_WARN_UNDECLARED_SELECTOR = YES;
				GCC_WARN_UNINITIALIZED_AUTOS = YES_AGGRESSIVE;
				GCC_WARN_UNUSED_FUNCTION = YES;
				GCC_WARN_UNUSED_VARIABLE = YES;
				IPHONEOS_DEPLOYMENT_TARGET = 16.2;
				MTL_ENABLE_DEBUG_INFO = NO;
				MTL_FAST_MATH = YES;
				SDKROOT = iphoneos;
				SWIFT_COMPILATION_MODE = wholemodule;
				SWIFT_OPTIMIZATION_LEVEL = "-O";
				VALIDATE_PRODUCT = YES;
			};
			name = Release;
		};
		DD546A1F2A90C72B000EFEBC /* Debug */ = {
			isa = XCBuildConfiguration;
			buildSettings = {
				ASSETCATALOG_COMPILER_APPICON_NAME = AppIcon;
				ASSETCATALOG_COMPILER_GLOBAL_ACCENT_COLOR_NAME = AccentColor;
				CODE_SIGN_STYLE = Automatic;
				CURRENT_PROJECT_VERSION = 1;
				DEVELOPMENT_TEAM = 7CZSM4DJ6N;
				GENERATE_INFOPLIST_FILE = YES;
				INFOPLIST_FILE = RickAndMorty/Resources/Info.plist;
				INFOPLIST_KEY_UIApplicationSupportsIndirectInputEvents = YES;
				INFOPLIST_KEY_UILaunchStoryboardName = LaunchScreen;
				INFOPLIST_KEY_UIMainStoryboardFile = "";
				INFOPLIST_KEY_UIStatusBarStyle = "";
				INFOPLIST_KEY_UISupportedInterfaceOrientations_iPad = "UIInterfaceOrientationPortrait UIInterfaceOrientationPortraitUpsideDown UIInterfaceOrientationLandscapeLeft UIInterfaceOrientationLandscapeRight";
				INFOPLIST_KEY_UISupportedInterfaceOrientations_iPhone = "UIInterfaceOrientationPortrait UIInterfaceOrientationLandscapeLeft UIInterfaceOrientationLandscapeRight";
				INFOPLIST_KEY_UIUserInterfaceStyle = Dark;
				LD_RUNPATH_SEARCH_PATHS = (
					"$(inherited)",
					"@executable_path/Frameworks",
				);
				MARKETING_VERSION = 1.0;
				PRODUCT_BUNDLE_IDENTIFIER = com.vadimkim.RickAndMorty;
				PRODUCT_NAME = "$(TARGET_NAME)";
				SWIFT_EMIT_LOC_STRINGS = YES;
				SWIFT_VERSION = 5.0;
				TARGETED_DEVICE_FAMILY = "1,2";
			};
			name = Debug;
		};
		DD546A202A90C72B000EFEBC /* Release */ = {
			isa = XCBuildConfiguration;
			buildSettings = {
				ASSETCATALOG_COMPILER_APPICON_NAME = AppIcon;
				ASSETCATALOG_COMPILER_GLOBAL_ACCENT_COLOR_NAME = AccentColor;
				CODE_SIGN_STYLE = Automatic;
				CURRENT_PROJECT_VERSION = 1;
				DEVELOPMENT_TEAM = 7CZSM4DJ6N;
				GENERATE_INFOPLIST_FILE = YES;
				INFOPLIST_FILE = RickAndMorty/Resources/Info.plist;
				INFOPLIST_KEY_UIApplicationSupportsIndirectInputEvents = YES;
				INFOPLIST_KEY_UILaunchStoryboardName = LaunchScreen;
				INFOPLIST_KEY_UIMainStoryboardFile = "";
				INFOPLIST_KEY_UIStatusBarStyle = "";
				INFOPLIST_KEY_UISupportedInterfaceOrientations_iPad = "UIInterfaceOrientationPortrait UIInterfaceOrientationPortraitUpsideDown UIInterfaceOrientationLandscapeLeft UIInterfaceOrientationLandscapeRight";
				INFOPLIST_KEY_UISupportedInterfaceOrientations_iPhone = "UIInterfaceOrientationPortrait UIInterfaceOrientationLandscapeLeft UIInterfaceOrientationLandscapeRight";
				INFOPLIST_KEY_UIUserInterfaceStyle = Dark;
				LD_RUNPATH_SEARCH_PATHS = (
					"$(inherited)",
					"@executable_path/Frameworks",
				);
				MARKETING_VERSION = 1.0;
				PRODUCT_BUNDLE_IDENTIFIER = com.vadimkim.RickAndMorty;
				PRODUCT_NAME = "$(TARGET_NAME)";
				SWIFT_EMIT_LOC_STRINGS = YES;
				SWIFT_VERSION = 5.0;
				TARGETED_DEVICE_FAMILY = "1,2";
			};
			name = Release;
		};
/* End XCBuildConfiguration section */

/* Begin XCConfigurationList section */
		DD546A052A90C72A000EFEBC /* Build configuration list for PBXProject "RickAndMorty" */ = {
			isa = XCConfigurationList;
			buildConfigurations = (
				DD546A1C2A90C72B000EFEBC /* Debug */,
				DD546A1D2A90C72B000EFEBC /* Release */,
			);
			defaultConfigurationIsVisible = 0;
			defaultConfigurationName = Release;
		};
		DD546A1E2A90C72B000EFEBC /* Build configuration list for PBXNativeTarget "RickAndMorty" */ = {
			isa = XCConfigurationList;
			buildConfigurations = (
				DD546A1F2A90C72B000EFEBC /* Debug */,
				DD546A202A90C72B000EFEBC /* Release */,
			);
			defaultConfigurationIsVisible = 0;
			defaultConfigurationName = Release;
		};
/* End XCConfigurationList section */
	};
	rootObject = DD546A022A90C72A000EFEBC /* Project object */;
}
